// !$*UTF8*$!
{
	archiveVersion = 1;
	classes = {
	};
	objectVersion = 46;
	objects = {

/* Begin PBXBuildFile section */
		930127F61A0F1CAE0097ABF9 /* main.m in Sources */ = {isa = PBXBuildFile; fileRef = 930127F51A0F1CAE0097ABF9 /* main.m */; };
		930127F91A0F1CAE0097ABF9 /* AppDelegate.m in Sources */ = {isa = PBXBuildFile; fileRef = 930127F81A0F1CAE0097ABF9 /* AppDelegate.m */; };
		930127FC1A0F1CAE0097ABF9 /* GameScene.m in Sources */ = {isa = PBXBuildFile; fileRef = 930127FB1A0F1CAE0097ABF9 /* GameScene.m */; };
		930127FE1A0F1CAE0097ABF9 /* GameScene.sks in Resources */ = {isa = PBXBuildFile; fileRef = 930127FD1A0F1CAE0097ABF9 /* GameScene.sks */; };
		930128011A0F1CAE0097ABF9 /* GameViewController.m in Sources */ = {isa = PBXBuildFile; fileRef = 930128001A0F1CAE0097ABF9 /* GameViewController.m */; };
		930128041A0F1CAE0097ABF9 /* Main.storyboard in Resources */ = {isa = PBXBuildFile; fileRef = 930128021A0F1CAE0097ABF9 /* Main.storyboard */; };
		930128061A0F1CAE0097ABF9 /* Images.xcassets in Resources */ = {isa = PBXBuildFile; fileRef = 930128051A0F1CAE0097ABF9 /* Images.xcassets */; };
		930128091A0F1CAE0097ABF9 /* LaunchScreen.xib in Resources */ = {isa = PBXBuildFile; fileRef = 930128071A0F1CAE0097ABF9 /* LaunchScreen.xib */; };
		930128151A0F1CAE0097ABF9 /* Space_CannonTests.m in Sources */ = {isa = PBXBuildFile; fileRef = 930128141A0F1CAE0097ABF9 /* Space_CannonTests.m */; };
		9301282B1A0F1D690097ABF9 /* Ammo0@2x.png in Resources */ = {isa = PBXBuildFile; fileRef = 9301281F1A0F1D690097ABF9 /* Ammo0@2x.png */; };
		9301282C1A0F1D690097ABF9 /* Ammo1@2x.png in Resources */ = {isa = PBXBuildFile; fileRef = 930128201A0F1D690097ABF9 /* Ammo1@2x.png */; };
		9301282D1A0F1D690097ABF9 /* Ammo2@2x.png in Resources */ = {isa = PBXBuildFile; fileRef = 930128211A0F1D690097ABF9 /* Ammo2@2x.png */; };
		9301282E1A0F1D690097ABF9 /* Ammo3@2x.png in Resources */ = {isa = PBXBuildFile; fileRef = 930128221A0F1D690097ABF9 /* Ammo3@2x.png */; };
		9301282F1A0F1D690097ABF9 /* Ammo4@2x.png in Resources */ = {isa = PBXBuildFile; fileRef = 930128231A0F1D690097ABF9 /* Ammo4@2x.png */; };
		930128301A0F1D690097ABF9 /* Ammo5@2x.png in Resources */ = {isa = PBXBuildFile; fileRef = 930128241A0F1D690097ABF9 /* Ammo5@2x.png */; };
		930128311A0F1D690097ABF9 /* Ball@2x.png in Resources */ = {isa = PBXBuildFile; fileRef = 930128251A0F1D690097ABF9 /* Ball@2x.png */; };
		930128321A0F1D690097ABF9 /* Block@2x.png in Resources */ = {isa = PBXBuildFile; fileRef = 930128261A0F1D690097ABF9 /* Block@2x.png */; };
		930128331A0F1D690097ABF9 /* BlueBar@2x.png in Resources */ = {isa = PBXBuildFile; fileRef = 930128271A0F1D690097ABF9 /* BlueBar@2x.png */; };
		930128341A0F1D690097ABF9 /* Cannon@2x.png in Resources */ = {isa = PBXBuildFile; fileRef = 930128281A0F1D690097ABF9 /* Cannon@2x.png */; };
		930128351A0F1D690097ABF9 /* Halo@2x.png in Resources */ = {isa = PBXBuildFile; fileRef = 930128291A0F1D690097ABF9 /* Halo@2x.png */; };
		930128361A0F1D690097ABF9 /* Starfield@2x.png in Resources */ = {isa = PBXBuildFile; fileRef = 9301282A1A0F1D690097ABF9 /* Starfield@2x.png */; };
		9301283C1A0F26A30097ABF9 /* back@2x.png in Resources */ = {isa = PBXBuildFile; fileRef = 9301283B1A0F26A30097ABF9 /* back@2x.png */; };
		9317B5BF1A319A520078454F /* PlayButton@2x.png in Resources */ = {isa = PBXBuildFile; fileRef = 9317B5BC1A319A520078454F /* PlayButton@2x.png */; };
		9317B5C01A319A520078454F /* ScoreBoard@2x.png in Resources */ = {isa = PBXBuildFile; fileRef = 9317B5BD1A319A520078454F /* ScoreBoard@2x.png */; };
		9317B5C11A319A520078454F /* Title@2x.png in Resources */ = {isa = PBXBuildFile; fileRef = 9317B5BE1A319A520078454F /* Title@2x.png */; };
		9317B5CB1A319F300078454F /* BHMenu.m in Sources */ = {isa = PBXBuildFile; fileRef = 9317B5CA1A319F300078454F /* BHMenu.m */; };
		931EF1301A101C420076E322 /* HaloExplosion.sks in Resources */ = {isa = PBXBuildFile; fileRef = 931EF12E1A101C420076E322 /* HaloExplosion.sks */; };
		931EF1311A101C420076E322 /* spark.png in Resources */ = {isa = PBXBuildFile; fileRef = 931EF12F1A101C420076E322 /* spark.png */; };
		936FE1C61A2EE6F80002B981 /* LifeExplosion.sks in Resources */ = {isa = PBXBuildFile; fileRef = 936FE1C51A2EE6F80002B981 /* LifeExplosion.sks */; };
		93E4FC4D1A2EF6C800570C90 /* Bounce.caf in Resources */ = {isa = PBXBuildFile; fileRef = 93E4FC481A2EF6C800570C90 /* Bounce.caf */; };
		93E4FC4E1A2EF6C800570C90 /* DeepExplosion.caf in Resources */ = {isa = PBXBuildFile; fileRef = 93E4FC491A2EF6C800570C90 /* DeepExplosion.caf */; };
		93E4FC4F1A2EF6C800570C90 /* Explosion.caf in Resources */ = {isa = PBXBuildFile; fileRef = 93E4FC4A1A2EF6C800570C90 /* Explosion.caf */; };
		93E4FC501A2EF6C800570C90 /* Laser.caf in Resources */ = {isa = PBXBuildFile; fileRef = 93E4FC4B1A2EF6C800570C90 /* Laser.caf */; };
		93E4FC511A2EF6C800570C90 /* Zap.caf in Resources */ = {isa = PBXBuildFile; fileRef = 93E4FC4C1A2EF6C800570C90 /* Zap.caf */; };
/* End PBXBuildFile section */

/* Begin PBXContainerItemProxy section */
		9301280F1A0F1CAE0097ABF9 /* PBXContainerItemProxy */ = {
			isa = PBXContainerItemProxy;
			containerPortal = 930127E81A0F1CAE0097ABF9 /* Project object */;
			proxyType = 1;
			remoteGlobalIDString = 930127EF1A0F1CAE0097ABF9;
			remoteInfo = "Space Cannon";
		};
/* End PBXContainerItemProxy section */

/* Begin PBXFileReference section */
		930127F01A0F1CAE0097ABF9 /* Space Cannon.app */ = {isa = PBXFileReference; explicitFileType = wrapper.application; includeInIndex = 0; path = "Space Cannon.app"; sourceTree = BUILT_PRODUCTS_DIR; };
		930127F41A0F1CAE0097ABF9 /* Info.plist */ = {isa = PBXFileReference; lastKnownFileType = text.plist.xml; path = Info.plist; sourceTree = "<group>"; };
		930127F51A0F1CAE0097ABF9 /* main.m */ = {isa = PBXFileReference; lastKnownFileType = sourcecode.c.objc; path = main.m; sourceTree = "<group>"; };
		930127F71A0F1CAE0097ABF9 /* AppDelegate.h */ = {isa = PBXFileReference; lastKnownFileType = sourcecode.c.h; path = AppDelegate.h; sourceTree = "<group>"; };
		930127F81A0F1CAE0097ABF9 /* AppDelegate.m */ = {isa = PBXFileReference; lastKnownFileType = sourcecode.c.objc; path = AppDelegate.m; sourceTree = "<group>"; };
		930127FA1A0F1CAE0097ABF9 /* GameScene.h */ = {isa = PBXFileReference; lastKnownFileType = sourcecode.c.h; path = GameScene.h; sourceTree = "<group>"; };
		930127FB1A0F1CAE0097ABF9 /* GameScene.m */ = {isa = PBXFileReference; lastKnownFileType = sourcecode.c.objc; path = GameScene.m; sourceTree = "<group>"; };
		930127FD1A0F1CAE0097ABF9 /* GameScene.sks */ = {isa = PBXFileReference; lastKnownFileType = file.sks; path = GameScene.sks; sourceTree = "<group>"; };
		930127FF1A0F1CAE0097ABF9 /* GameViewController.h */ = {isa = PBXFileReference; lastKnownFileType = sourcecode.c.h; path = GameViewController.h; sourceTree = "<group>"; };
		930128001A0F1CAE0097ABF9 /* GameViewController.m */ = {isa = PBXFileReference; lastKnownFileType = sourcecode.c.objc; path = GameViewController.m; sourceTree = "<group>"; };
		930128031A0F1CAE0097ABF9 /* Base */ = {isa = PBXFileReference; lastKnownFileType = file.storyboard; name = Base; path = Base.lproj/Main.storyboard; sourceTree = "<group>"; };
		930128051A0F1CAE0097ABF9 /* Images.xcassets */ = {isa = PBXFileReference; lastKnownFileType = folder.assetcatalog; path = Images.xcassets; sourceTree = "<group>"; };
		930128081A0F1CAE0097ABF9 /* Base */ = {isa = PBXFileReference; lastKnownFileType = file.xib; name = Base; path = Base.lproj/LaunchScreen.xib; sourceTree = "<group>"; };
		9301280E1A0F1CAE0097ABF9 /* Space CannonTests.xctest */ = {isa = PBXFileReference; explicitFileType = wrapper.cfbundle; includeInIndex = 0; path = "Space CannonTests.xctest"; sourceTree = BUILT_PRODUCTS_DIR; };
		930128131A0F1CAE0097ABF9 /* Info.plist */ = {isa = PBXFileReference; lastKnownFileType = text.plist.xml; path = Info.plist; sourceTree = "<group>"; };
		930128141A0F1CAE0097ABF9 /* Space_CannonTests.m */ = {isa = PBXFileReference; lastKnownFileType = sourcecode.c.objc; path = Space_CannonTests.m; sourceTree = "<group>"; };
		9301281F1A0F1D690097ABF9 /* Ammo0@2x.png */ = {isa = PBXFileReference; lastKnownFileType = image.png; path = "Ammo0@2x.png"; sourceTree = "<group>"; };
		930128201A0F1D690097ABF9 /* Ammo1@2x.png */ = {isa = PBXFileReference; lastKnownFileType = image.png; path = "Ammo1@2x.png"; sourceTree = "<group>"; };
		930128211A0F1D690097ABF9 /* Ammo2@2x.png */ = {isa = PBXFileReference; lastKnownFileType = image.png; path = "Ammo2@2x.png"; sourceTree = "<group>"; };
		930128221A0F1D690097ABF9 /* Ammo3@2x.png */ = {isa = PBXFileReference; lastKnownFileType = image.png; path = "Ammo3@2x.png"; sourceTree = "<group>"; };
		930128231A0F1D690097ABF9 /* Ammo4@2x.png */ = {isa = PBXFileReference; lastKnownFileType = image.png; path = "Ammo4@2x.png"; sourceTree = "<group>"; };
		930128241A0F1D690097ABF9 /* Ammo5@2x.png */ = {isa = PBXFileReference; lastKnownFileType = image.png; path = "Ammo5@2x.png"; sourceTree = "<group>"; };
		930128251A0F1D690097ABF9 /* Ball@2x.png */ = {isa = PBXFileReference; lastKnownFileType = image.png; path = "Ball@2x.png"; sourceTree = "<group>"; };
		930128261A0F1D690097ABF9 /* Block@2x.png */ = {isa = PBXFileReference; lastKnownFileType = image.png; path = "Block@2x.png"; sourceTree = "<group>"; };
		930128271A0F1D690097ABF9 /* BlueBar@2x.png */ = {isa = PBXFileReference; lastKnownFileType = image.png; path = "BlueBar@2x.png"; sourceTree = "<group>"; };
		930128281A0F1D690097ABF9 /* Cannon@2x.png */ = {isa = PBXFileReference; lastKnownFileType = image.png; path = "Cannon@2x.png"; sourceTree = "<group>"; };
		930128291A0F1D690097ABF9 /* Halo@2x.png */ = {isa = PBXFileReference; lastKnownFileType = image.png; path = "Halo@2x.png"; sourceTree = "<group>"; };
		9301282A1A0F1D690097ABF9 /* Starfield@2x.png */ = {isa = PBXFileReference; lastKnownFileType = image.png; path = "Starfield@2x.png"; sourceTree = "<group>"; };
		9301283B1A0F26A30097ABF9 /* back@2x.png */ = {isa = PBXFileReference; lastKnownFileType = image.png; path = "back@2x.png"; sourceTree = "<group>"; };
		9317B5BC1A319A520078454F /* PlayButton@2x.png */ = {isa = PBXFileReference; lastKnownFileType = image.png; path = "PlayButton@2x.png"; sourceTree = "<group>"; };
		9317B5BD1A319A520078454F /* ScoreBoard@2x.png */ = {isa = PBXFileReference; lastKnownFileType = image.png; path = "ScoreBoard@2x.png"; sourceTree = "<group>"; };
		9317B5BE1A319A520078454F /* Title@2x.png */ = {isa = PBXFileReference; lastKnownFileType = image.png; path = "Title@2x.png"; sourceTree = "<group>"; };
		9317B5C91A319F300078454F /* BHMenu.h */ = {isa = PBXFileReference; fileEncoding = 4; lastKnownFileType = sourcecode.c.h; path = BHMenu.h; sourceTree = "<group>"; };
		9317B5CA1A319F300078454F /* BHMenu.m */ = {isa = PBXFileReference; fileEncoding = 4; lastKnownFileType = sourcecode.c.objc; path = BHMenu.m; sourceTree = "<group>"; };
		931EF12E1A101C420076E322 /* HaloExplosion.sks */ = {isa = PBXFileReference; lastKnownFileType = file.sks; path = HaloExplosion.sks; sourceTree = "<group>"; };
		931EF12F1A101C420076E322 /* spark.png */ = {isa = PBXFileReference; lastKnownFileType = image.png; path = spark.png; sourceTree = "<group>"; };
		936FE1C51A2EE6F80002B981 /* LifeExplosion.sks */ = {isa = PBXFileReference; lastKnownFileType = file.sks; path = LifeExplosion.sks; sourceTree = "<group>"; };
		93E4FC481A2EF6C800570C90 /* Bounce.caf */ = {isa = PBXFileReference; lastKnownFileType = file; path = Bounce.caf; sourceTree = "<group>"; };
		93E4FC491A2EF6C800570C90 /* DeepExplosion.caf */ = {isa = PBXFileReference; lastKnownFileType = file; path = DeepExplosion.caf; sourceTree = "<group>"; };
		93E4FC4A1A2EF6C800570C90 /* Explosion.caf */ = {isa = PBXFileReference; lastKnownFileType = file; path = Explosion.caf; sourceTree = "<group>"; };
		93E4FC4B1A2EF6C800570C90 /* Laser.caf */ = {isa = PBXFileReference; lastKnownFileType = file; path = Laser.caf; sourceTree = "<group>"; };
		93E4FC4C1A2EF6C800570C90 /* Zap.caf */ = {isa = PBXFileReference; lastKnownFileType = file; path = Zap.caf; sourceTree = "<group>"; };
/* End PBXFileReference section */

/* Begin PBXFrameworksBuildPhase section */
		930127ED1A0F1CAE0097ABF9 /* Frameworks */ = {
			isa = PBXFrameworksBuildPhase;
			buildActionMask = 2147483647;
			files = (
			);
			runOnlyForDeploymentPostprocessing = 0;
		};
		9301280B1A0F1CAE0097ABF9 /* Frameworks */ = {
			isa = PBXFrameworksBuildPhase;
			buildActionMask = 2147483647;
			files = (
			);
			runOnlyForDeploymentPostprocessing = 0;
		};
/* End PBXFrameworksBuildPhase section */

/* Begin PBXGroup section */
		930127E71A0F1CAE0097ABF9 = {
			isa = PBXGroup;
			children = (
				930127F21A0F1CAE0097ABF9 /* Space Cannon */,
				930128111A0F1CAE0097ABF9 /* Space CannonTests */,
				930127F11A0F1CAE0097ABF9 /* Products */,
			);
			sourceTree = "<group>";
		};
		930127F11A0F1CAE0097ABF9 /* Products */ = {
			isa = PBXGroup;
			children = (
				930127F01A0F1CAE0097ABF9 /* Space Cannon.app */,
				9301280E1A0F1CAE0097ABF9 /* Space CannonTests.xctest */,
			);
			name = Products;
			sourceTree = "<group>";
		};
		930127F21A0F1CAE0097ABF9 /* Space Cannon */ = {
			isa = PBXGroup;
			children = (
				93E4FC471A2EF6C800570C90 /* Sounds */,
				9301281E1A0F1D690097ABF9 /* SpaceCannonArt */,
				930127F71A0F1CAE0097ABF9 /* AppDelegate.h */,
				930127F81A0F1CAE0097ABF9 /* AppDelegate.m */,
				930127FA1A0F1CAE0097ABF9 /* GameScene.h */,
				930127FB1A0F1CAE0097ABF9 /* GameScene.m */,
				930127FD1A0F1CAE0097ABF9 /* GameScene.sks */,
				930127FF1A0F1CAE0097ABF9 /* GameViewController.h */,
				930128001A0F1CAE0097ABF9 /* GameViewController.m */,
				930128021A0F1CAE0097ABF9 /* Main.storyboard */,
				930128051A0F1CAE0097ABF9 /* Images.xcassets */,
				930128071A0F1CAE0097ABF9 /* LaunchScreen.xib */,
				930127F31A0F1CAE0097ABF9 /* Supporting Files */,
				931EF12E1A101C420076E322 /* HaloExplosion.sks */,
				931EF12F1A101C420076E322 /* spark.png */,
				936FE1C51A2EE6F80002B981 /* LifeExplosion.sks */,
				9317B5C91A319F300078454F /* BHMenu.h */,
				9317B5CA1A319F300078454F /* BHMenu.m */,
			);
			path = "Space Cannon";
			sourceTree = "<group>";
		};
		930127F31A0F1CAE0097ABF9 /* Supporting Files */ = {
			isa = PBXGroup;
			children = (
				930127F41A0F1CAE0097ABF9 /* Info.plist */,
				930127F51A0F1CAE0097ABF9 /* main.m */,
			);
			name = "Supporting Files";
			sourceTree = "<group>";
		};
		930128111A0F1CAE0097ABF9 /* Space CannonTests */ = {
			isa = PBXGroup;
			children = (
				930128141A0F1CAE0097ABF9 /* Space_CannonTests.m */,
				930128121A0F1CAE0097ABF9 /* Supporting Files */,
			);
			path = "Space CannonTests";
			sourceTree = "<group>";
		};
		930128121A0F1CAE0097ABF9 /* Supporting Files */ = {
			isa = PBXGroup;
			children = (
				930128131A0F1CAE0097ABF9 /* Info.plist */,
			);
			name = "Supporting Files";
			sourceTree = "<group>";
		};
		9301281E1A0F1D690097ABF9 /* SpaceCannonArt */ = {
			isa = PBXGroup;
			children = (
				9317B5BC1A319A520078454F /* PlayButton@2x.png */,
				9317B5BD1A319A520078454F /* ScoreBoard@2x.png */,
				9317B5BE1A319A520078454F /* Title@2x.png */,
				9301283B1A0F26A30097ABF9 /* back@2x.png */,
				9301281F1A0F1D690097ABF9 /* Ammo0@2x.png */,
				930128201A0F1D690097ABF9 /* Ammo1@2x.png */,
				930128211A0F1D690097ABF9 /* Ammo2@2x.png */,
				930128221A0F1D690097ABF9 /* Ammo3@2x.png */,
				930128231A0F1D690097ABF9 /* Ammo4@2x.png */,
				930128241A0F1D690097ABF9 /* Ammo5@2x.png */,
				930128251A0F1D690097ABF9 /* Ball@2x.png */,
				930128261A0F1D690097ABF9 /* Block@2x.png */,
				930128271A0F1D690097ABF9 /* BlueBar@2x.png */,
				930128281A0F1D690097ABF9 /* Cannon@2x.png */,
				930128291A0F1D690097ABF9 /* Halo@2x.png */,
				9301282A1A0F1D690097ABF9 /* Starfield@2x.png */,
			);
			path = SpaceCannonArt;
			sourceTree = "<group>";
		};
		93E4FC471A2EF6C800570C90 /* Sounds */ = {
			isa = PBXGroup;
			children = (
				93E4FC481A2EF6C800570C90 /* Bounce.caf */,
				93E4FC491A2EF6C800570C90 /* DeepExplosion.caf */,
				93E4FC4A1A2EF6C800570C90 /* Explosion.caf */,
				93E4FC4B1A2EF6C800570C90 /* Laser.caf */,
				93E4FC4C1A2EF6C800570C90 /* Zap.caf */,
			);
			path = Sounds;
			sourceTree = "<group>";
		};
/* End PBXGroup section */

/* Begin PBXNativeTarget section */
		930127EF1A0F1CAE0097ABF9 /* Space Cannon */ = {
			isa = PBXNativeTarget;
			buildConfigurationList = 930128181A0F1CAE0097ABF9 /* Build configuration list for PBXNativeTarget "Space Cannon" */;
			buildPhases = (
				930127EC1A0F1CAE0097ABF9 /* Sources */,
				930127ED1A0F1CAE0097ABF9 /* Frameworks */,
				930127EE1A0F1CAE0097ABF9 /* Resources */,
			);
			buildRules = (
			);
			dependencies = (
			);
			name = "Space Cannon";
			productName = "Space Cannon";
			productReference = 930127F01A0F1CAE0097ABF9 /* Space Cannon.app */;
			productType = "com.apple.product-type.application";
		};
		9301280D1A0F1CAE0097ABF9 /* Space CannonTests */ = {
			isa = PBXNativeTarget;
			buildConfigurationList = 9301281B1A0F1CAE0097ABF9 /* Build configuration list for PBXNativeTarget "Space CannonTests" */;
			buildPhases = (
				9301280A1A0F1CAE0097ABF9 /* Sources */,
				9301280B1A0F1CAE0097ABF9 /* Frameworks */,
				9301280C1A0F1CAE0097ABF9 /* Resources */,
			);
			buildRules = (
			);
			dependencies = (
				930128101A0F1CAE0097ABF9 /* PBXTargetDependency */,
			);
			name = "Space CannonTests";
			productName = "Space CannonTests";
			productReference = 9301280E1A0F1CAE0097ABF9 /* Space CannonTests.xctest */;
			productType = "com.apple.product-type.bundle.unit-test";
		};
/* End PBXNativeTarget section */

/* Begin PBXProject section */
		930127E81A0F1CAE0097ABF9 /* Project object */ = {
			isa = PBXProject;
			attributes = {
				LastUpgradeCheck = 0610;
				ORGANIZATIONNAME = "Brian Hoang";
				TargetAttributes = {
					930127EF1A0F1CAE0097ABF9 = {
						CreatedOnToolsVersion = 6.1;
					};
					9301280D1A0F1CAE0097ABF9 = {
						CreatedOnToolsVersion = 6.1;
						TestTargetID = 930127EF1A0F1CAE0097ABF9;
					};
				};
			};
			buildConfigurationList = 930127EB1A0F1CAE0097ABF9 /* Build configuration list for PBXProject "Space Cannon" */;
			compatibilityVersion = "Xcode 3.2";
			developmentRegion = English;
			hasScannedForEncodings = 0;
			knownRegions = (
				en,
				Base,
			);
			mainGroup = 930127E71A0F1CAE0097ABF9;
			productRefGroup = 930127F11A0F1CAE0097ABF9 /* Products */;
			projectDirPath = "";
			projectRoot = "";
			targets = (
				930127EF1A0F1CAE0097ABF9 /* Space Cannon */,
				9301280D1A0F1CAE0097ABF9 /* Space CannonTests */,
			);
		};
/* End PBXProject section */

/* Begin PBXResourcesBuildPhase section */
		930127EE1A0F1CAE0097ABF9 /* Resources */ = {
			isa = PBXResourcesBuildPhase;
			buildActionMask = 2147483647;
			files = (
				93E4FC501A2EF6C800570C90 /* Laser.caf in Resources */,
				930128301A0F1D690097ABF9 /* Ammo5@2x.png in Resources */,
				930128311A0F1D690097ABF9 /* Ball@2x.png in Resources */,
				930128091A0F1CAE0097ABF9 /* LaunchScreen.xib in Resources */,
				9317B5BF1A319A520078454F /* PlayButton@2x.png in Resources */,
				9301283C1A0F26A30097ABF9 /* back@2x.png in Resources */,
				930128331A0F1D690097ABF9 /* BlueBar@2x.png in Resources */,
				9301282F1A0F1D690097ABF9 /* Ammo4@2x.png in Resources */,
				9317B5C01A319A520078454F /* ScoreBoard@2x.png in Resources */,
				931EF1311A101C420076E322 /* spark.png in Resources */,
				930128321A0F1D690097ABF9 /* Block@2x.png in Resources */,
				9301282B1A0F1D690097ABF9 /* Ammo0@2x.png in Resources */,
				9301282C1A0F1D690097ABF9 /* Ammo1@2x.png in Resources */,
				93E4FC4E1A2EF6C800570C90 /* DeepExplosion.caf in Resources */,
				930128061A0F1CAE0097ABF9 /* Images.xcassets in Resources */,
				93E4FC4D1A2EF6C800570C90 /* Bounce.caf in Resources */,
				93E4FC511A2EF6C800570C90 /* Zap.caf in Resources */,
				930127FE1A0F1CAE0097ABF9 /* GameScene.sks in Resources */,
				931EF1301A101C420076E322 /* HaloExplosion.sks in Resources */,
				9317B5C11A319A520078454F /* Title@2x.png in Resources */,
				936FE1C61A2EE6F80002B981 /* LifeExplosion.sks in Resources */,
				930128041A0F1CAE0097ABF9 /* Main.storyboard in Resources */,
				930128361A0F1D690097ABF9 /* Starfield@2x.png in Resources */,
				9301282E1A0F1D690097ABF9 /* Ammo3@2x.png in Resources */,
				930128351A0F1D690097ABF9 /* Halo@2x.png in Resources */,
				9301282D1A0F1D690097ABF9 /* Ammo2@2x.png in Resources */,
				93E4FC4F1A2EF6C800570C90 /* Explosion.caf in Resources */,
				930128341A0F1D690097ABF9 /* Cannon@2x.png in Resources */,
			);
			runOnlyForDeploymentPostprocessing = 0;
		};
		9301280C1A0F1CAE0097ABF9 /* Resources */ = {
			isa = PBXResourcesBuildPhase;
			buildActionMask = 2147483647;
			files = (
			);
			runOnlyForDeploymentPostprocessing = 0;
		};
/* End PBXResourcesBuildPhase section */

/* Begin PBXSourcesBuildPhase section */
		930127EC1A0F1CAE0097ABF9 /* Sources */ = {
			isa = PBXSourcesBuildPhase;
			buildActionMask = 2147483647;
			files = (
				930128011A0F1CAE0097ABF9 /* GameViewController.m in Sources */,
				930127F91A0F1CAE0097ABF9 /* AppDelegate.m in Sources */,
				930127FC1A0F1CAE0097ABF9 /* GameScene.m in Sources */,
				9317B5CB1A319F300078454F /* BHMenu.m in Sources */,
				930127F61A0F1CAE0097ABF9 /* main.m in Sources */,
			);
			runOnlyForDeploymentPostprocessing = 0;
		};
		9301280A1A0F1CAE0097ABF9 /* Sources */ = {
			isa = PBXSourcesBuildPhase;
			buildActionMask = 2147483647;
			files = (
				930128151A0F1CAE0097ABF9 /* Space_CannonTests.m in Sources */,
			);
			runOnlyForDeploymentPostprocessing = 0;
		};
/* End PBXSourcesBuildPhase section */

/* Begin PBXTargetDependency section */
		930128101A0F1CAE0097ABF9 /* PBXTargetDependency */ = {
			isa = PBXTargetDependency;
			target = 930127EF1A0F1CAE0097ABF9 /* Space Cannon */;
			targetProxy = 9301280F1A0F1CAE0097ABF9 /* PBXContainerItemProxy */;
		};
/* End PBXTargetDependency section */

/* Begin PBXVariantGroup section */
		930128021A0F1CAE0097ABF9 /* Main.storyboard */ = {
			isa = PBXVariantGroup;
			children = (
				930128031A0F1CAE0097ABF9 /* Base */,
			);
			name = Main.storyboard;
			sourceTree = "<group>";
		};
		930128071A0F1CAE0097ABF9 /* LaunchScreen.xib */ = {
			isa = PBXVariantGroup;
			children = (
				930128081A0F1CAE0097ABF9 /* Base */,
			);
			name = LaunchScreen.xib;
			sourceTree = "<group>";
		};
/* End PBXVariantGroup section */

/* Begin XCBuildConfiguration section */
		930128161A0F1CAE0097ABF9 /* Debug */ = {
			isa = XCBuildConfiguration;
			buildSettings = {
				ALWAYS_SEARCH_USER_PATHS = NO;
				CLANG_CXX_LANGUAGE_STANDARD = "gnu++0x";
				CLANG_CXX_LIBRARY = "libc++";
				CLANG_ENABLE_MODULES = YES;
				CLANG_ENABLE_OBJC_ARC = YES;
				CLANG_WARN_BOOL_CONVERSION = YES;
				CLANG_WARN_CONSTANT_CONVERSION = YES;
				CLANG_WARN_DIRECT_OBJC_ISA_USAGE = YES_ERROR;
				CLANG_WARN_EMPTY_BODY = YES;
				CLANG_WARN_ENUM_CONVERSION = YES;
				CLANG_WARN_INT_CONVERSION = YES;
				CLANG_WARN_OBJC_ROOT_CLASS = YES_ERROR;
				CLANG_WARN_UNREACHABLE_CODE = YES;
				CLANG_WARN__DUPLICATE_METHOD_MATCH = YES;
				"CODE_SIGN_IDENTITY[sdk=iphoneos*]" = "iPhone Developer";
				COPY_PHASE_STRIP = NO;
				ENABLE_STRICT_OBJC_MSGSEND = YES;
				GCC_C_LANGUAGE_STANDARD = gnu99;
				GCC_DYNAMIC_NO_PIC = NO;
				GCC_OPTIMIZATION_LEVEL = 0;
				GCC_PREPROCESSOR_DEFINITIONS = (
					"DEBUG=1",
					"$(inherited)",
				);
				GCC_SYMBOLS_PRIVATE_EXTERN = NO;
				GCC_WARN_64_TO_32_BIT_CONVERSION = YES;
				GCC_WARN_ABOUT_RETURN_TYPE = YES_ERROR;
				GCC_WARN_UNDECLARED_SELECTOR = YES;
				GCC_WARN_UNINITIALIZED_AUTOS = YES_AGGRESSIVE;
				GCC_WARN_UNUSED_FUNCTION = YES;
				GCC_WARN_UNUSED_VARIABLE = YES;
				IPHONEOS_DEPLOYMENT_TARGET = 8.1;
				MTL_ENABLE_DEBUG_INFO = YES;
				ONLY_ACTIVE_ARCH = YES;
				SDKROOT = iphoneos;
			};
			name = Debug;
		};
		930128171A0F1CAE0097ABF9 /* Release */ = {
			isa = XCBuildConfiguration;
			buildSettings = {
				ALWAYS_SEARCH_USER_PATHS = NO;
				CLANG_CXX_LANGUAGE_STANDARD = "gnu++0x";
				CLANG_CXX_LIBRARY = "libc++";
				CLANG_ENABLE_MODULES = YES;
				CLANG_ENABLE_OBJC_ARC = YES;
				CLANG_WARN_BOOL_CONVERSION = YES;
				CLANG_WARN_CONSTANT_CONVERSION = YES;
				CLANG_WARN_DIRECT_OBJC_ISA_USAGE = YES_ERROR;
				CLANG_WARN_EMPTY_BODY = YES;
				CLANG_WARN_ENUM_CONVERSION = YES;
				CLANG_WARN_INT_CONVERSION = YES;
				CLANG_WARN_OBJC_ROOT_CLASS = YES_ERROR;
				CLANG_WARN_UNREACHABLE_CODE = YES;
				CLANG_WARN__DUPLICATE_METHOD_MATCH = YES;
				"CODE_SIGN_IDENTITY[sdk=iphoneos*]" = "iPhone Developer";
				COPY_PHASE_STRIP = YES;
				ENABLE_NS_ASSERTIONS = NO;
				ENABLE_STRICT_OBJC_MSGSEND = YES;
				GCC_C_LANGUAGE_STANDARD = gnu99;
				GCC_WARN_64_TO_32_BIT_CONVERSION = YES;
				GCC_WARN_ABOUT_RETURN_TYPE = YES_ERROR;
				GCC_WARN_UNDECLARED_SELECTOR = YES;
				GCC_WARN_UNINITIALIZED_AUTOS = YES_AGGRESSIVE;
				GCC_WARN_UNUSED_FUNCTION = YES;
				GCC_WARN_UNUSED_VARIABLE = YES;
				IPHONEOS_DEPLOYMENT_TARGET = 8.1;
				MTL_ENABLE_DEBUG_INFO = NO;
				SDKROOT = iphoneos;
				VALIDATE_PRODUCT = YES;
			};
			name = Release;
		};
		930128191A0F1CAE0097ABF9 /* Debug */ = {
			isa = XCBuildConfiguration;
			buildSettings = {
				ASSETCATALOG_COMPILER_APPICON_NAME = AppIcon;
				INFOPLIST_FILE = "Space Cannon/Info.plist";
				LD_RUNPATH_SEARCH_PATHS = "$(inherited) @executable_path/Frameworks";
				PRODUCT_NAME = "$(TARGET_NAME)";
			};
			name = Debug;
		};
		9301281A1A0F1CAE0097ABF9 /* Release */ = {
			isa = XCBuildConfiguration;
			buildSettings = {
				ASSETCATALOG_COMPILER_APPICON_NAME = AppIcon;
				INFOPLIST_FILE = "Space Cannon/Info.plist";
				LD_RUNPATH_SEARCH_PATHS = "$(inherited) @executable_path/Frameworks";
				PRODUCT_NAME = "$(TARGET_NAME)";
			};
			name = Release;
		};
		9301281C1A0F1CAE0097ABF9 /* Debug */ = {
			isa = XCBuildConfiguration;
			buildSettings = {
				BUNDLE_LOADER = "$(TEST_HOST)";
				FRAMEWORK_SEARCH_PATHS = (
					"$(SDKROOT)/Developer/Library/Frameworks",
					"$(inherited)",
				);
				GCC_PREPROCESSOR_DEFINITIONS = (
					"DEBUG=1",
					"$(inherited)",
				);
				INFOPLIST_FILE = "Space CannonTests/Info.plist";
				LD_RUNPATH_SEARCH_PATHS = "$(inherited) @executable_path/Frameworks @loader_path/Frameworks";
				PRODUCT_NAME = "$(TARGET_NAME)";
				TEST_HOST = "$(BUILT_PRODUCTS_DIR)/Space Cannon.app/Space Cannon";
			};
			name = Debug;
		};
		9301281D1A0F1CAE0097ABF9 /* Release */ = {
			isa = XCBuildConfiguration;
			buildSettings = {
				BUNDLE_LOADER = "$(TEST_HOST)";
				FRAMEWORK_SEARCH_PATHS = (
					"$(SDKROOT)/Developer/Library/Frameworks",
					"$(inherited)",
				);
				INFOPLIST_FILE = "Space CannonTests/Info.plist";
				LD_RUNPATH_SEARCH_PATHS = "$(inherited) @executable_path/Frameworks @loader_path/Frameworks";
				PRODUCT_NAME = "$(TARGET_NAME)";
				TEST_HOST = "$(BUILT_PRODUCTS_DIR)/Space Cannon.app/Space Cannon";
			};
			name = Release;
		};
/* End XCBuildConfiguration section */

/* Begin XCConfigurationList section */
		930127EB1A0F1CAE0097ABF9 /* Build configuration list for PBXProject "Space Cannon" */ = {
			isa = XCConfigurationList;
			buildConfigurations = (
				930128161A0F1CAE0097ABF9 /* Debug */,
				930128171A0F1CAE0097ABF9 /* Release */,
			);
			defaultConfigurationIsVisible = 0;
			defaultConfigurationName = Release;
		};
		930128181A0F1CAE0097ABF9 /* Build configuration list for PBXNativeTarget "Space Cannon" */ = {
			isa = XCConfigurationList;
			buildConfigurations = (
				930128191A0F1CAE0097ABF9 /* Debug */,
				9301281A1A0F1CAE0097ABF9 /* Release */,
			);
			defaultConfigurationIsVisible = 0;
			defaultConfigurationName = Release;
		};
		9301281B1A0F1CAE0097ABF9 /* Build configuration list for PBXNativeTarget "Space CannonTests" */ = {
			isa = XCConfigurationList;
			buildConfigurations = (
				9301281C1A0F1CAE0097ABF9 /* Debug */,
				9301281D1A0F1CAE0097ABF9 /* Release */,
			);
			defaultConfigurationIsVisible = 0;
			defaultConfigurationName = Release;
		};
/* End XCConfigurationList section */
	};
	rootObject = 930127E81A0F1CAE0097ABF9 /* Project object */;
}
